// !$*UTF8*$!
{
	archiveVersion = 1;
	classes = {
	};
	objectVersion = 55;
	objects = {

/* Begin PBXBuildFile section */
		A98C10552BBD96B300FBA9C7 /* ImagenesApp.swift in Sources */ = {isa = PBXBuildFile; fileRef = A98C10542BBD96B300FBA9C7 /* ImagenesApp.swift */; };
		A98C10572BBD96B400FBA9C7 /* ContentView.swift in Sources */ = {isa = PBXBuildFile; fileRef = A98C10562BBD96B400FBA9C7 /* ContentView.swift */; };
		A98C10592BBD96BA00FBA9C7 /* Assets.xcassets in Resources */ = {isa = PBXBuildFile; fileRef = A98C10582BBD96BA00FBA9C7 /* Assets.xcassets */; };
		A98C105C2BBD96BA00FBA9C7 /* Preview Assets.xcassets in Resources */ = {isa = PBXBuildFile; fileRef = A98C105B2BBD96BA00FBA9C7 /* Preview Assets.xcassets */; };
		A98C10662BBD96BC00FBA9C7 /* ImagenesTests.swift in Sources */ = {isa = PBXBuildFile; fileRef = A98C10652BBD96BC00FBA9C7 /* ImagenesTests.swift */; };
		A98C10702BBD96BC00FBA9C7 /* ImagenesUITests.swift in Sources */ = {isa = PBXBuildFile; fileRef = A98C106F2BBD96BC00FBA9C7 /* ImagenesUITests.swift */; };
		A98C10722BBD96BC00FBA9C7 /* ImagenesUITestsLaunchTests.swift in Sources */ = {isa = PBXBuildFile; fileRef = A98C10712BBD96BC00FBA9C7 /* ImagenesUITestsLaunchTests.swift */; };
/* End PBXBuildFile section */

/* Begin PBXContainerItemProxy section */
		A98C10622BBD96BC00FBA9C7 /* PBXContainerItemProxy */ = {
			isa = PBXContainerItemProxy;
			containerPortal = A98C10492BBD96B300FBA9C7 /* Project object */;
			proxyType = 1;
			remoteGlobalIDString = A98C10502BBD96B300FBA9C7;
			remoteInfo = Imagenes;
		};
		A98C106C2BBD96BC00FBA9C7 /* PBXContainerItemProxy */ = {
			isa = PBXContainerItemProxy;
			containerPortal = A98C10492BBD96B300FBA9C7 /* Project object */;
			proxyType = 1;
			remoteGlobalIDString = A98C10502BBD96B300FBA9C7;
			remoteInfo = Imagenes;
		};
/* End PBXContainerItemProxy section */

/* Begin PBXFileReference section */
		A98C10512BBD96B300FBA9C7 /* Imagenes.app */ = {isa = PBXFileReference; explicitFileType = wrapper.application; includeInIndex = 0; path = Imagenes.app; sourceTree = BUILT_PRODUCTS_DIR; };
		A98C10542BBD96B300FBA9C7 /* ImagenesApp.swift */ = {isa = PBXFileReference; lastKnownFileType = sourcecode.swift; path = ImagenesApp.swift; sourceTree = "<group>"; };
		A98C10562BBD96B400FBA9C7 /* ContentView.swift */ = {isa = PBXFileReference; lastKnownFileType = sourcecode.swift; path = ContentView.swift; sourceTree = "<group>"; };
		A98C10582BBD96BA00FBA9C7 /* Assets.xcassets */ = {isa = PBXFileReference; lastKnownFileType = folder.assetcatalog; path = Assets.xcassets; sourceTree = "<group>"; };
		A98C105B2BBD96BA00FBA9C7 /* Preview Assets.xcassets */ = {isa = PBXFileReference; lastKnownFileType = folder.assetcatalog; path = "Preview Assets.xcassets"; sourceTree = "<group>"; };
		A98C10612BBD96BC00FBA9C7 /* ImagenesTests.xctest */ = {isa = PBXFileReference; explicitFileType = wrapper.cfbundle; includeInIndex = 0; path = ImagenesTests.xctest; sourceTree = BUILT_PRODUCTS_DIR; };
		A98C10652BBD96BC00FBA9C7 /* ImagenesTests.swift */ = {isa = PBXFileReference; lastKnownFileType = sourcecode.swift; path = ImagenesTests.swift; sourceTree = "<group>"; };
		A98C106B2BBD96BC00FBA9C7 /* ImagenesUITests.xctest */ = {isa = PBXFileReference; explicitFileType = wrapper.cfbundle; includeInIndex = 0; path = ImagenesUITests.xctest; sourceTree = BUILT_PRODUCTS_DIR; };
		A98C106F2BBD96BC00FBA9C7 /* ImagenesUITests.swift */ = {isa = PBXFileReference; lastKnownFileType = sourcecode.swift; path = ImagenesUITests.swift; sourceTree = "<group>"; };
		A98C10712BBD96BC00FBA9C7 /* ImagenesUITestsLaunchTests.swift */ = {isa = PBXFileReference; lastKnownFileType = sourcecode.swift; path = ImagenesUITestsLaunchTests.swift; sourceTree = "<group>"; };
/* End PBXFileReference section */

/* Begin PBXFrameworksBuildPhase section */
		A98C104E2BBD96B300FBA9C7 /* Frameworks */ = {
			isa = PBXFrameworksBuildPhase;
			buildActionMask = 2147483647;
			files = (
			);
			runOnlyForDeploymentPostprocessing = 0;
		};
		A98C105E2BBD96BC00FBA9C7 /* Frameworks */ = {
			isa = PBXFrameworksBuildPhase;
			buildActionMask = 2147483647;
			files = (
			);
			runOnlyForDeploymentPostprocessing = 0;
		};
		A98C10682BBD96BC00FBA9C7 /* Frameworks */ = {
			isa = PBXFrameworksBuildPhase;
			buildActionMask = 2147483647;
			files = (
			);
			runOnlyForDeploymentPostprocessing = 0;
		};
/* End PBXFrameworksBuildPhase section */

/* Begin PBXGroup section */
		A98C10482BBD96B300FBA9C7 = {
			isa = PBXGroup;
			children = (
				A98C10532BBD96B300FBA9C7 /* Imagenes */,
				A98C10642BBD96BC00FBA9C7 /* ImagenesTests */,
				A98C106E2BBD96BC00FBA9C7 /* ImagenesUITests */,
				A98C10522BBD96B300FBA9C7 /* Products */,
			);
			sourceTree = "<group>";
		};
		A98C10522BBD96B300FBA9C7 /* Products */ = {
			isa = PBXGroup;
			children = (
				A98C10512BBD96B300FBA9C7 /* Imagenes.app */,
				A98C10612BBD96BC00FBA9C7 /* ImagenesTests.xctest */,
				A98C106B2BBD96BC00FBA9C7 /* ImagenesUITests.xctest */,
			);
			name = Products;
			sourceTree = "<group>";
		};
		A98C10532BBD96B300FBA9C7 /* Imagenes */ = {
			isa = PBXGroup;
			children = (
				A98C10542BBD96B300FBA9C7 /* ImagenesApp.swift */,
				A98C10562BBD96B400FBA9C7 /* ContentView.swift */,
				A98C10582BBD96BA00FBA9C7 /* Assets.xcassets */,
				A98C105A2BBD96BA00FBA9C7 /* Preview Content */,
			);
			path = Imagenes;
			sourceTree = "<group>";
		};
		A98C105A2BBD96BA00FBA9C7 /* Preview Content */ = {
			isa = PBXGroup;
			children = (
				A98C105B2BBD96BA00FBA9C7 /* Preview Assets.xcassets */,
			);
			path = "Preview Content";
			sourceTree = "<group>";
		};
		A98C10642BBD96BC00FBA9C7 /* ImagenesTests */ = {
			isa = PBXGroup;
			children = (
				A98C10652BBD96BC00FBA9C7 /* ImagenesTests.swift */,
			);
			path = ImagenesTests;
			sourceTree = "<group>";
		};
		A98C106E2BBD96BC00FBA9C7 /* ImagenesUITests */ = {
			isa = PBXGroup;
			children = (
				A98C106F2BBD96BC00FBA9C7 /* ImagenesUITests.swift */,
				A98C10712BBD96BC00FBA9C7 /* ImagenesUITestsLaunchTests.swift */,
			);
			path = ImagenesUITests;
			sourceTree = "<group>";
		};
/* End PBXGroup section */

/* Begin PBXNativeTarget section */
		A98C10502BBD96B300FBA9C7 /* Imagenes */ = {
			isa = PBXNativeTarget;
			buildConfigurationList = A98C10752BBD96BC00FBA9C7 /* Build configuration list for PBXNativeTarget "Imagenes" */;
			buildPhases = (
				A98C104D2BBD96B300FBA9C7 /* Sources */,
				A98C104E2BBD96B300FBA9C7 /* Frameworks */,
				A98C104F2BBD96B300FBA9C7 /* Resources */,
			);
			buildRules = (
			);
			dependencies = (
			);
			name = Imagenes;
			productName = Imagenes;
			productReference = A98C10512BBD96B300FBA9C7 /* Imagenes.app */;
			productType = "com.apple.product-type.application";
		};
		A98C10602BBD96BC00FBA9C7 /* ImagenesTests */ = {
			isa = PBXNativeTarget;
			buildConfigurationList = A98C10782BBD96BC00FBA9C7 /* Build configuration list for PBXNativeTarget "ImagenesTests" */;
			buildPhases = (
				A98C105D2BBD96BC00FBA9C7 /* Sources */,
				A98C105E2BBD96BC00FBA9C7 /* Frameworks */,
				A98C105F2BBD96BC00FBA9C7 /* Resources */,
			);
			buildRules = (
			);
			dependencies = (
				A98C10632BBD96BC00FBA9C7 /* PBXTargetDependency */,
			);
			name = ImagenesTests;
			productName = ImagenesTests;
			productReference = A98C10612BBD96BC00FBA9C7 /* ImagenesTests.xctest */;
			productType = "com.apple.product-type.bundle.unit-test";
		};
		A98C106A2BBD96BC00FBA9C7 /* ImagenesUITests */ = {
			isa = PBXNativeTarget;
			buildConfigurationList = A98C107B2BBD96BC00FBA9C7 /* Build configuration list for PBXNativeTarget "ImagenesUITests" */;
			buildPhases = (
				A98C10672BBD96BC00FBA9C7 /* Sources */,
				A98C10682BBD96BC00FBA9C7 /* Frameworks */,
				A98C10692BBD96BC00FBA9C7 /* Resources */,
			);
			buildRules = (
			);
			dependencies = (
				A98C106D2BBD96BC00FBA9C7 /* PBXTargetDependency */,
			);
			name = ImagenesUITests;
			productName = ImagenesUITests;
			productReference = A98C106B2BBD96BC00FBA9C7 /* ImagenesUITests.xctest */;
			productType = "com.apple.product-type.bundle.ui-testing";
		};
/* End PBXNativeTarget section */

/* Begin PBXProject section */
		A98C10492BBD96B300FBA9C7 /* Project object */ = {
			isa = PBXProject;
			attributes = {
				BuildIndependentTargetsInParallel = 1;
				LastSwiftUpdateCheck = 1340;
				LastUpgradeCheck = 1340;
				TargetAttributes = {
					A98C10502BBD96B300FBA9C7 = {
						CreatedOnToolsVersion = 13.4;
					};
					A98C10602BBD96BC00FBA9C7 = {
						CreatedOnToolsVersion = 13.4;
						TestTargetID = A98C10502BBD96B300FBA9C7;
					};
					A98C106A2BBD96BC00FBA9C7 = {
						CreatedOnToolsVersion = 13.4;
						TestTargetID = A98C10502BBD96B300FBA9C7;
					};
				};
			};
			buildConfigurationList = A98C104C2BBD96B300FBA9C7 /* Build configuration list for PBXProject "Imagenes" */;
			compatibilityVersion = "Xcode 13.0";
			developmentRegion = en;
			hasScannedForEncodings = 0;
			knownRegions = (
				en,
				Base,
			);
			mainGroup = A98C10482BBD96B300FBA9C7;
			productRefGroup = A98C10522BBD96B300FBA9C7 /* Products */;
			projectDirPath = "";
			projectRoot = "";
			targets = (
				A98C10502BBD96B300FBA9C7 /* Imagenes */,
				A98C10602BBD96BC00FBA9C7 /* ImagenesTests */,
				A98C106A2BBD96BC00FBA9C7 /* ImagenesUITests */,
			);
		};
/* End PBXProject section */

/* Begin PBXResourcesBuildPhase section */
		A98C104F2BBD96B300FBA9C7 /* Resources */ = {
			isa = PBXResourcesBuildPhase;
			buildActionMask = 2147483647;
			files = (
				A98C105C2BBD96BA00FBA9C7 /* Preview Assets.xcassets in Resources */,
				A98C10592BBD96BA00FBA9C7 /* Assets.xcassets in Resources */,
			);
			runOnlyForDeploymentPostprocessing = 0;
		};
		A98C105F2BBD96BC00FBA9C7 /* Resources */ = {
			isa = PBXResourcesBuildPhase;
			buildActionMask = 2147483647;
			files = (
			);
			runOnlyForDeploymentPostprocessing = 0;
		};
		A98C10692BBD96BC00FBA9C7 /* Resources */ = {
			isa = PBXResourcesBuildPhase;
			buildActionMask = 2147483647;
			files = (
			);
			runOnlyForDeploymentPostprocessing = 0;
		};
/* End PBXResourcesBuildPhase section */

/* Begin PBXSourcesBuildPhase section */
		A98C104D2BBD96B300FBA9C7 /* Sources */ = {
			isa = PBXSourcesBuildPhase;
			buildActionMask = 2147483647;
			files = (
				A98C10572BBD96B400FBA9C7 /* ContentView.swift in Sources */,
				A98C10552BBD96B300FBA9C7 /* ImagenesApp.swift in Sources */,
			);
			runOnlyForDeploymentPostprocessing = 0;
		};
		A98C105D2BBD96BC00FBA9C7 /* Sources */ = {
			isa = PBXSourcesBuildPhase;
			buildActionMask = 2147483647;
			files = (
				A98C10662BBD96BC00FBA9C7 /* ImagenesTests.swift in Sources */,
			);
			runOnlyForDeploymentPostprocessing = 0;
		};
		A98C10672BBD96BC00FBA9C7 /* Sources */ = {
			isa = PBXSourcesBuildPhase;
			buildActionMask = 2147483647;
			files = (
				A98C10722BBD96BC00FBA9C7 /* ImagenesUITestsLaunchTests.swift in Sources */,
				A98C10702BBD96BC00FBA9C7 /* ImagenesUITests.swift in Sources */,
			);
			runOnlyForDeploymentPostprocessing = 0;
		};
/* End PBXSourcesBuildPhase section */

/* Begin PBXTargetDependency section */
		A98C10632BBD96BC00FBA9C7 /* PBXTargetDependency */ = {
			isa = PBXTargetDependency;
			target = A98C10502BBD96B300FBA9C7 /* Imagenes */;
			targetProxy = A98C10622BBD96BC00FBA9C7 /* PBXContainerItemProxy */;
		};
		A98C106D2BBD96BC00FBA9C7 /* PBXTargetDependency */ = {
			isa = PBXTargetDependency;
			target = A98C10502BBD96B300FBA9C7 /* Imagenes */;
			targetProxy = A98C106C2BBD96BC00FBA9C7 /* PBXContainerItemProxy */;
		};
/* End PBXTargetDependency section */

/* Begin XCBuildConfiguration section */
		A98C10732BBD96BC00FBA9C7 /* Debug */ = {
			isa = XCBuildConfiguration;
			buildSettings = {
				ALWAYS_SEARCH_USER_PATHS = NO;
				CLANG_ANALYZER_NONNULL = YES;
				CLANG_ANALYZER_NUMBER_OBJECT_CONVERSION = YES_AGGRESSIVE;
				CLANG_CXX_LANGUAGE_STANDARD = "gnu++17";
				CLANG_ENABLE_MODULES = YES;
				CLANG_ENABLE_OBJC_ARC = YES;
				CLANG_ENABLE_OBJC_WEAK = YES;
				CLANG_WARN_BLOCK_CAPTURE_AUTORELEASING = YES;
				CLANG_WARN_BOOL_CONVERSION = YES;
				CLANG_WARN_COMMA = YES;
				CLANG_WARN_CONSTANT_CONVERSION = YES;
				CLANG_WARN_DEPRECATED_OBJC_IMPLEMENTATIONS = YES;
				CLANG_WARN_DIRECT_OBJC_ISA_USAGE = YES_ERROR;
				CLANG_WARN_DOCUMENTATION_COMMENTS = YES;
				CLANG_WARN_EMPTY_BODY = YES;
				CLANG_WARN_ENUM_CONVERSION = YES;
				CLANG_WARN_INFINITE_RECURSION = YES;
				CLANG_WARN_INT_CONVERSION = YES;
				CLANG_WARN_NON_LITERAL_NULL_CONVERSION = YES;
				CLANG_WARN_OBJC_IMPLICIT_RETAIN_SELF = YES;
				CLANG_WARN_OBJC_LITERAL_CONVERSION = YES;
				CLANG_WARN_OBJC_ROOT_CLASS = YES_ERROR;
				CLANG_WARN_QUOTED_INCLUDE_IN_FRAMEWORK_HEADER = YES;
				CLANG_WARN_RANGE_LOOP_ANALYSIS = YES;
				CLANG_WARN_STRICT_PROTOTYPES = YES;
				CLANG_WARN_SUSPICIOUS_MOVE = YES;
				CLANG_WARN_UNGUARDED_AVAILABILITY = YES_AGGRESSIVE;
				CLANG_WARN_UNREACHABLE_CODE = YES;
				CLANG_WARN__DUPLICATE_METHOD_MATCH = YES;
				COPY_PHASE_STRIP = NO;
				DEBUG_INFORMATION_FORMAT = dwarf;
				ENABLE_STRICT_OBJC_MSGSEND = YES;
				ENABLE_TESTABILITY = YES;
				GCC_C_LANGUAGE_STANDARD = gnu11;
				GCC_DYNAMIC_NO_PIC = NO;
				GCC_NO_COMMON_BLOCKS = YES;
				GCC_OPTIMIZATION_LEVEL = 0;
				GCC_PREPROCESSOR_DEFINITIONS = (
					"DEBUG=1",
					"$(inherited)",
				);
				GCC_WARN_64_TO_32_BIT_CONVERSION = YES;
				GCC_WARN_ABOUT_RETURN_TYPE = YES_ERROR;
				GCC_WARN_UNDECLARED_SELECTOR = YES;
				GCC_WARN_UNINITIALIZED_AUTOS = YES_AGGRESSIVE;
				GCC_WARN_UNUSED_FUNCTION = YES;
				GCC_WARN_UNUSED_VARIABLE = YES;
				IPHONEOS_DEPLOYMENT_TARGET = 15.5;
				MTL_ENABLE_DEBUG_INFO = INCLUDE_SOURCE;
				MTL_FAST_MATH = YES;
				ONLY_ACTIVE_ARCH = YES;
				SDKROOT = iphoneos;
				SWIFT_ACTIVE_COMPILATION_CONDITIONS = DEBUG;
				SWIFT_OPTIMIZATION_LEVEL = "-Onone";
			};
			name = Debug;
		};
		A98C10742BBD96BC00FBA9C7 /* Release */ = {
			isa = XCBuildConfiguration;
			buildSettings = {
				ALWAYS_SEARCH_USER_PATHS = NO;
				CLANG_ANALYZER_NONNULL = YES;
				CLANG_ANALYZER_NUMBER_OBJECT_CONVERSION = YES_AGGRESSIVE;
				CLANG_CXX_LANGUAGE_STANDARD = "gnu++17";
				CLANG_ENABLE_MODULES = YES;
				CLANG_ENABLE_OBJC_ARC = YES;
				CLANG_ENABLE_OBJC_WEAK = YES;
				CLANG_WARN_BLOCK_CAPTURE_AUTORELEASING = YES;
				CLANG_WARN_BOOL_CONVERSION = YES;
				CLANG_WARN_COMMA = YES;
				CLANG_WARN_CONSTANT_CONVERSION = YES;
				CLANG_WARN_DEPRECATED_OBJC_IMPLEMENTATIONS = YES;
				CLANG_WARN_DIRECT_OBJC_ISA_USAGE = YES_ERROR;
				CLANG_WARN_DOCUMENTATION_COMMENTS = YES;
				CLANG_WARN_EMPTY_BODY = YES;
				CLANG_WARN_ENUM_CONVERSION = YES;
				CLANG_WARN_INFINITE_RECURSION = YES;
				CLANG_WARN_INT_CONVERSION = YES;
				CLANG_WARN_NON_LITERAL_NULL_CONVERSION = YES;
				CLANG_WARN_OBJC_IMPLICIT_RETAIN_SELF = YES;
				CLANG_WARN_OBJC_LITERAL_CONVERSION = YES;
				CLANG_WARN_OBJC_ROOT_CLASS = YES_ERROR;
				CLANG_WARN_QUOTED_INCLUDE_IN_FRAMEWORK_HEADER = YES;
				CLANG_WARN_RANGE_LOOP_ANALYSIS = YES;
				CLANG_WARN_STRICT_PROTOTYPES = YES;
				CLANG_WARN_SUSPICIOUS_MOVE = YES;
				CLANG_WARN_UNGUARDED_AVAILABILITY = YES_AGGRESSIVE;
				CLANG_WARN_UNREACHABLE_CODE = YES;
				CLANG_WARN__DUPLICATE_METHOD_MATCH = YES;
				COPY_PHASE_STRIP = NO;
				DEBUG_INFORMATION_FORMAT = "dwarf-with-dsym";
				ENABLE_NS_ASSERTIONS = NO;
				ENABLE_STRICT_OBJC_MSGSEND = YES;
				GCC_C_LANGUAGE_STANDARD = gnu11;
				GCC_NO_COMMON_BLOCKS = YES;
				GCC_WARN_64_TO_32_BIT_CONVERSION = YES;
				GCC_WARN_ABOUT_RETURN_TYPE = YES_ERROR;
				GCC_WARN_UNDECLARED_SELECTOR = YES;
				GCC_WARN_UNINITIALIZED_AUTOS = YES_AGGRESSIVE;
				GCC_WARN_UNUSED_FUNCTION = YES;
				GCC_WARN_UNUSED_VARIABLE = YES;
				IPHONEOS_DEPLOYMENT_TARGET = 15.5;
				MTL_ENABLE_DEBUG_INFO = NO;
				MTL_FAST_MATH = YES;
				SDKROOT = iphoneos;
				SWIFT_COMPILATION_MODE = wholemodule;
				SWIFT_OPTIMIZATION_LEVEL = "-O";
				VALIDATE_PRODUCT = YES;
			};
			name = Release;
		};
		A98C10762BBD96BC00FBA9C7 /* Debug */ = {
			isa = XCBuildConfiguration;
			buildSettings = {
				ASSETCATALOG_COMPILER_APPICON_NAME = AppIcon;
				ASSETCATALOG_COMPILER_GLOBAL_ACCENT_COLOR_NAME = AccentColor;
				CODE_SIGN_STYLE = Automatic;
				CURRENT_PROJECT_VERSION = 1;
				DEVELOPMENT_ASSET_PATHS = "\"Imagenes/Preview Content\"";
				DEVELOPMENT_TEAM = 8YMN7MCSQM;
				ENABLE_PREVIEWS = YES;
				GENERATE_INFOPLIST_FILE = YES;
				INFOPLIST_KEY_UIApplicationSceneManifest_Generation = YES;
				INFOPLIST_KEY_UIApplicationSupportsIndirectInputEvents = YES;
				INFOPLIST_KEY_UILaunchScreen_Generation = YES;
				INFOPLIST_KEY_UISupportedInterfaceOrientations_iPad = "UIInterfaceOrientationPortrait UIInterfaceOrientationPortraitUpsideDown UIInterfaceOrientationLandscapeLeft UIInterfaceOrientationLandscapeRight";
				INFOPLIST_KEY_UISupportedInterfaceOrientations_iPhone = "UIInterfaceOrientationPortrait UIInterfaceOrientationLandscapeLeft UIInterfaceOrientationLandscapeRight";
				LD_RUNPATH_SEARCH_PATHS = (
					"$(inherited)",
					"@executable_path/Frameworks",
				);
				MARKETING_VERSION = 1.0;
				PRODUCT_BUNDLE_IDENTIFIER = Marco.Imagenes;
				PRODUCT_NAME = "$(TARGET_NAME)";
				SWIFT_EMIT_LOC_STRINGS = YES;
				SWIFT_VERSION = 5.0;
				TARGETED_DEVICE_FAMILY = "1,2";
			};
			name = Debug;
		};
		A98C10772BBD96BC00FBA9C7 /* Release */ = {
			isa = XCBuildConfiguration;
			buildSettings = {
				ASSETCATALOG_COMPILER_APPICON_NAME = AppIcon;
				ASSETCATALOG_COMPILER_GLOBAL_ACCENT_COLOR_NAME = AccentColor;
				CODE_SIGN_STYLE = Automatic;
				CURRENT_PROJECT_VERSION = 1;
				DEVELOPMENT_ASSET_PATHS = "\"Imagenes/Preview Content\"";
				DEVELOPMENT_TEAM = 8YMN7MCSQM;
				ENABLE_PREVIEWS = YES;
				GENERATE_INFOPLIST_FILE = YES;
				INFOPLIST_KEY_UIApplicationSceneManifest_Generation = YES;
				INFOPLIST_KEY_UIApplicationSupportsIndirectInputEvents = YES;
				INFOPLIST_KEY_UILaunchScreen_Generation = YES;
				INFOPLIST_KEY_UISupportedInterfaceOrientations_iPad = "UIInterfaceOrientationPortrait UIInterfaceOrientationPortraitUpsideDown UIInterfaceOrientationLandscapeLeft UIInterfaceOrientationLandscapeRight";
				INFOPLIST_KEY_UISupportedInterfaceOrientations_iPhone = "UIInterfaceOrientationPortrait UIInterfaceOrientationLandscapeLeft UIInterfaceOrientationLandscapeRight";
				LD_RUNPATH_SEARCH_PATHS = (
					"$(inherited)",
					"@executable_path/Frameworks",
				);
				MARKETING_VERSION = 1.0;
				PRODUCT_BUNDLE_IDENTIFIER = Marco.Imagenes;
				PRODUCT_NAME = "$(TARGET_NAME)";
				SWIFT_EMIT_LOC_STRINGS = YES;
				SWIFT_VERSION = 5.0;
				TARGETED_DEVICE_FAMILY = "1,2";
			};
			name = Release;
		};
		A98C10792BBD96BC00FBA9C7 /* Debug */ = {
			isa = XCBuildConfiguration;
			buildSettings = {
				ALWAYS_EMBED_SWIFT_STANDARD_LIBRARIES = YES;
				BUNDLE_LOADER = "$(TEST_HOST)";
				CODE_SIGN_STYLE = Automatic;
				CURRENT_PROJECT_VERSION = 1;
				DEVELOPMENT_TEAM = 8YMN7MCSQM;
				GENERATE_INFOPLIST_FILE = YES;
				IPHONEOS_DEPLOYMENT_TARGET = 15.5;
				MARKETING_VERSION = 1.0;
				PRODUCT_BUNDLE_IDENTIFIER = Marco.ImagenesTests;
				PRODUCT_NAME = "$(TARGET_NAME)";
				SWIFT_EMIT_LOC_STRINGS = NO;
				SWIFT_VERSION = 5.0;
				TARGETED_DEVICE_FAMILY = "1,2";
				TEST_HOST = "$(BUILT_PRODUCTS_DIR)/Imagenes.app/Imagenes";
			};
			name = Debug;
		};
		A98C107A2BBD96BC00FBA9C7 /* Release */ = {
			isa = XCBuildConfiguration;
			buildSettings = {
				ALWAYS_EMBED_SWIFT_STANDARD_LIBRARIES = YES;
				BUNDLE_LOADER = "$(TEST_HOST)";
				CODE_SIGN_STYLE = Automatic;
				CURRENT_PROJECT_VERSION = 1;
				DEVELOPMENT_TEAM = 8YMN7MCSQM;
				GENERATE_INFOPLIST_FILE = YES;
				IPHONEOS_DEPLOYMENT_TARGET = 15.5;
				MARKETING_VERSION = 1.0;
				PRODUCT_BUNDLE_IDENTIFIER = Marco.ImagenesTests;
				PRODUCT_NAME = "$(TARGET_NAME)";
				SWIFT_EMIT_LOC_STRINGS = NO;
				SWIFT_VERSION = 5.0;
				TARGETED_DEVICE_FAMILY = "1,2";
				TEST_HOST = "$(BUILT_PRODUCTS_DIR)/Imagenes.app/Imagenes";
			};
			name = Release;
		};
		A98C107C2BBD96BC00FBA9C7 /* Debug */ = {
			isa = XCBuildConfiguration;
			buildSettings = {
				ALWAYS_EMBED_SWIFT_STANDARD_LIBRARIES = YES;
				CODE_SIGN_STYLE = Automatic;
				CURRENT_PROJECT_VERSION = 1;
				DEVELOPMENT_TEAM = 8YMN7MCSQM;
				GENERATE_INFOPLIST_FILE = YES;
				MARKETING_VERSION = 1.0;
				PRODUCT_BUNDLE_IDENTIFIER = Marco.ImagenesUITests;
				PRODUCT_NAME = "$(TARGET_NAME)";
				SWIFT_EMIT_LOC_STRINGS = NO;
				SWIFT_VERSION = 5.0;
				TARGETED_DEVICE_FAMILY = "1,2";
				TEST_TARGET_NAME = Imagenes;
			};
			name = Debug;
		};
		A98C107D2BBD96BC00FBA9C7 /* Release */ = {
			isa = XCBuildConfiguration;
			buildSettings = {
				ALWAYS_EMBED_SWIFT_STANDARD_LIBRARIES = YES;
				CODE_SIGN_STYLE = Automatic;
				CURRENT_PROJECT_VERSION = 1;
				DEVELOPMENT_TEAM = 8YMN7MCSQM;
				GENERATE_INFOPLIST_FILE = YES;
				MARKETING_VERSION = 1.0;
				PRODUCT_BUNDLE_IDENTIFIER = Marco.ImagenesUITests;
				PRODUCT_NAME = "$(TARGET_NAME)";
				SWIFT_EMIT_LOC_STRINGS = NO;
				SWIFT_VERSION = 5.0;
				TARGETED_DEVICE_FAMILY = "1,2";
				TEST_TARGET_NAME = Imagenes;
			};
			name = Release;
		};
/* End XCBuildConfiguration section */

/* Begin XCConfigurationList section */
		A98C104C2BBD96B300FBA9C7 /* Build configuration list for PBXProject "Imagenes" */ = {
			isa = XCConfigurationList;
			buildConfigurations = (
				A98C10732BBD96BC00FBA9C7 /* Debug */,
				A98C10742BBD96BC00FBA9C7 /* Release */,
			);
			defaultConfigurationIsVisible = 0;
			defaultConfigurationName = Release;
		};
		A98C10752BBD96BC00FBA9C7 /* Build configuration list for PBXNativeTarget "Imagenes" */ = {
			isa = XCConfigurationList;
			buildConfigurations = (
				A98C10762BBD96BC00FBA9C7 /* Debug */,
				A98C10772BBD96BC00FBA9C7 /* Release */,
			);
			defaultConfigurationIsVisible = 0;
			defaultConfigurationName = Release;
		};
		A98C10782BBD96BC00FBA9C7 /* Build configuration list for PBXNativeTarget "ImagenesTests" */ = {
			isa = XCConfigurationList;
			buildConfigurations = (
				A98C10792BBD96BC00FBA9C7 /* Debug */,
				A98C107A2BBD96BC00FBA9C7 /* Release */,
			);
			defaultConfigurationIsVisible = 0;
			defaultConfigurationName = Release;
		};
		A98C107B2BBD96BC00FBA9C7 /* Build configuration list for PBXNativeTarget "ImagenesUITests" */ = {
			isa = XCConfigurationList;
			buildConfigurations = (
				A98C107C2BBD96BC00FBA9C7 /* Debug */,
				A98C107D2BBD96BC00FBA9C7 /* Release */,
			);
			defaultConfigurationIsVisible = 0;
			defaultConfigurationName = Release;
		};
/* End XCConfigurationList section */
	};
	rootObject = A98C10492BBD96B300FBA9C7 /* Project object */;
}
